
Microsoft Visual Studio Solution File, Format Version 12.00
# Visual Studio 2013
VisualStudioVersion = 12.0.31101.0
MinimumVisualStudioVersion = 10.0.40219.1
Project("{FAE04EC0-301F-11D3-BF4B-00C04F79EFBC}") = "Cashier System", "Cashier System\Cashier System.csproj", "{C8661B46-9FDA-4693-8917-675BF859CF7C}"
EndProject
Global
	GlobalSection(SolutionConfigurationPlatforms) = preSolution
		Debug|Any CPU = Debug|Any CPU
		Release|Any CPU = Release|Any CPU
	EndGlobalSection
	GlobalSection(ProjectConfigurationPlatforms) = postSolution
		{C8661B46-9FDA-4693-8917-675BF859CF7C}.Debug|Any CPU.ActiveCfg = Debug|Any CPU
		{C8661B46-9FDA-4693-8917-675BF859CF7C}.Debug|Any CPU.Build.0 = Debug|Any CPU
		{C8661B46-9FDA-4693-8917-675BF859CF7C}.Release|Any CPU.ActiveCfg = Release|Any CPU
		{C8661B46-9FDA-4693-8917-675BF859CF7C}.Release|Any CPU.Build.0 = Release|Any CPU
	EndGlobalSection
	GlobalSection(SolutionProperties) = preSolution
		HideSolutionNode = FALSE
	EndGlobalSection
EndGlobal
